// !$*UTF8*$!
{
	archiveVersion = 1;
	classes = {
	};
	objectVersion = 48;
	objects = {

/* Begin PBXBuildFile section */
		1888BC631FB2D7200091285B /* HBX_NavViewController.swift in Sources */ = {isa = PBXBuildFile; fileRef = 1888BC621FB2D7200091285B /* HBX_NavViewController.swift */; };
		1888BC691FB2DF870091285B /* HBX_TwoViewController.swift in Sources */ = {isa = PBXBuildFile; fileRef = 1888BC681FB2DF870091285B /* HBX_TwoViewController.swift */; };
		1888BC6B1FB2DF910091285B /* HBX_ThreeViewController.swift in Sources */ = {isa = PBXBuildFile; fileRef = 1888BC6A1FB2DF910091285B /* HBX_ThreeViewController.swift */; };
		1888BC6D1FB2DFA00091285B /* HBX_FourViewController.swift in Sources */ = {isa = PBXBuildFile; fileRef = 1888BC6C1FB2DFA00091285B /* HBX_FourViewController.swift */; };
		18C0407D1FA6C19000C949C6 /* AppDelegate.swift in Sources */ = {isa = PBXBuildFile; fileRef = 18C0407C1FA6C19000C949C6 /* AppDelegate.swift */; };
		18C0407F1FA6C19000C949C6 /* ViewController.swift in Sources */ = {isa = PBXBuildFile; fileRef = 18C0407E1FA6C19000C949C6 /* ViewController.swift */; };
		18C040821FA6C19000C949C6 /* Main.storyboard in Resources */ = {isa = PBXBuildFile; fileRef = 18C040801FA6C19000C949C6 /* Main.storyboard */; };
		18C040841FA6C19000C949C6 /* Assets.xcassets in Resources */ = {isa = PBXBuildFile; fileRef = 18C040831FA6C19000C949C6 /* Assets.xcassets */; };
		18C040871FA6C19000C949C6 /* LaunchScreen.storyboard in Resources */ = {isa = PBXBuildFile; fileRef = 18C040851FA6C19000C949C6 /* LaunchScreen.storyboard */; };
		18C040921FA6C19000C949C6 /* Swift_DemoTests.swift in Sources */ = {isa = PBXBuildFile; fileRef = 18C040911FA6C19000C949C6 /* Swift_DemoTests.swift */; };
		18C0409D1FA6C19000C949C6 /* Swift_DemoUITests.swift in Sources */ = {isa = PBXBuildFile; fileRef = 18C0409C1FA6C19000C949C6 /* Swift_DemoUITests.swift */; };
		18C040AC1FA6C57900C949C6 /* OneViewController.swift in Sources */ = {isa = PBXBuildFile; fileRef = 18C040AB1FA6C57900C949C6 /* OneViewController.swift */; };
		18C040B01FA6CA3D00C949C6 /* HBX_BaseViewController.swift in Sources */ = {isa = PBXBuildFile; fileRef = 18C040AF1FA6CA3D00C949C6 /* HBX_BaseViewController.swift */; };
		18E023721FB44D8600455D52 /* HBX_CustomTabbar.swift in Sources */ = {isa = PBXBuildFile; fileRef = 18E023711FB44D8600455D52 /* HBX_CustomTabbar.swift */; };
		18EAE20E1FB9486900582A8A /* HBX_BasePost.swift in Sources */ = {isa = PBXBuildFile; fileRef = 18EAE20D1FB9486900582A8A /* HBX_BasePost.swift */; };
		18F19D411FB940CA0013CF48 /* SVRSAHandler.m in Sources */ = {isa = PBXBuildFile; fileRef = 18F19CE81FB940CA0013CF48 /* SVRSAHandler.m */; };
		18F19D421FB940CA0013CF48 /* NSString+Base64.m in Sources */ = {isa = PBXBuildFile; fileRef = 18F19CEA1FB940CA0013CF48 /* NSString+Base64.m */; };
		18F19D431FB940CA0013CF48 /* libcrypto.a in Frameworks */ = {isa = PBXBuildFile; fileRef = 18F19CEC1FB940CA0013CF48 /* libcrypto.a */; };
		18F19D441FB940CA0013CF48 /* LICENSE in Resources */ = {isa = PBXBuildFile; fileRef = 18F19CED1FB940CA0013CF48 /* LICENSE */; };
		18F19D451FB940CA0013CF48 /* libssl.a in Frameworks */ = {isa = PBXBuildFile; fileRef = 18F19CEE1FB940CA0013CF48 /* libssl.a */; };
		18F19D461FB940CA0013CF48 /* libcrypto.a in Frameworks */ = {isa = PBXBuildFile; fileRef = 18F19CF41FB940CA0013CF48 /* libcrypto.a */; };
		18F19D471FB940CA0013CF48 /* libssl.a in Frameworks */ = {isa = PBXBuildFile; fileRef = 18F19D231FB940CA0013CF48 /* libssl.a */; };
		18F19D481FB940CA0013CF48 /* NSData+Base64.m in Sources */ = {isa = PBXBuildFile; fileRef = 18F19D3F1FB940CA0013CF48 /* NSData+Base64.m */; };
/* End PBXBuildFile section */

/* Begin PBXContainerItemProxy section */
		18C0408E1FA6C19000C949C6 /* PBXContainerItemProxy */ = {
			isa = PBXContainerItemProxy;
			containerPortal = 18C040711FA6C19000C949C6 /* Project object */;
			proxyType = 1;
			remoteGlobalIDString = 18C040781FA6C19000C949C6;
			remoteInfo = Swift_Demo;
		};
		18C040991FA6C19000C949C6 /* PBXContainerItemProxy */ = {
			isa = PBXContainerItemProxy;
			containerPortal = 18C040711FA6C19000C949C6 /* Project object */;
			proxyType = 1;
			remoteGlobalIDString = 18C040781FA6C19000C949C6;
			remoteInfo = Swift_Demo;
		};
/* End PBXContainerItemProxy section */

/* Begin PBXFileReference section */
		1888BC621FB2D7200091285B /* HBX_NavViewController.swift */ = {isa = PBXFileReference; lastKnownFileType = sourcecode.swift; path = HBX_NavViewController.swift; sourceTree = "<group>"; };
		1888BC681FB2DF870091285B /* HBX_TwoViewController.swift */ = {isa = PBXFileReference; lastKnownFileType = sourcecode.swift; path = HBX_TwoViewController.swift; sourceTree = "<group>"; };
		1888BC6A1FB2DF910091285B /* HBX_ThreeViewController.swift */ = {isa = PBXFileReference; lastKnownFileType = sourcecode.swift; path = HBX_ThreeViewController.swift; sourceTree = "<group>"; };
		1888BC6C1FB2DFA00091285B /* HBX_FourViewController.swift */ = {isa = PBXFileReference; lastKnownFileType = sourcecode.swift; path = HBX_FourViewController.swift; sourceTree = "<group>"; };
		18C040791FA6C19000C949C6 /* Swift_Demo.app */ = {isa = PBXFileReference; explicitFileType = wrapper.application; includeInIndex = 0; path = Swift_Demo.app; sourceTree = BUILT_PRODUCTS_DIR; };
		18C0407C1FA6C19000C949C6 /* AppDelegate.swift */ = {isa = PBXFileReference; lastKnownFileType = sourcecode.swift; path = AppDelegate.swift; sourceTree = "<group>"; };
		18C0407E1FA6C19000C949C6 /* ViewController.swift */ = {isa = PBXFileReference; lastKnownFileType = sourcecode.swift; path = ViewController.swift; sourceTree = "<group>"; };
		18C040811FA6C19000C949C6 /* Base */ = {isa = PBXFileReference; lastKnownFileType = file.storyboard; name = Base; path = Base.lproj/Main.storyboard; sourceTree = "<group>"; };
		18C040831FA6C19000C949C6 /* Assets.xcassets */ = {isa = PBXFileReference; lastKnownFileType = folder.assetcatalog; path = Assets.xcassets; sourceTree = "<group>"; };
		18C040861FA6C19000C949C6 /* Base */ = {isa = PBXFileReference; lastKnownFileType = file.storyboard; name = Base; path = Base.lproj/LaunchScreen.storyboard; sourceTree = "<group>"; };
		18C040881FA6C19000C949C6 /* Info.plist */ = {isa = PBXFileReference; lastKnownFileType = text.plist.xml; path = Info.plist; sourceTree = "<group>"; };
		18C0408D1FA6C19000C949C6 /* Swift_DemoTests.xctest */ = {isa = PBXFileReference; explicitFileType = wrapper.cfbundle; includeInIndex = 0; path = Swift_DemoTests.xctest; sourceTree = BUILT_PRODUCTS_DIR; };
		18C040911FA6C19000C949C6 /* Swift_DemoTests.swift */ = {isa = PBXFileReference; lastKnownFileType = sourcecode.swift; path = Swift_DemoTests.swift; sourceTree = "<group>"; };
		18C040931FA6C19000C949C6 /* Info.plist */ = {isa = PBXFileReference; lastKnownFileType = text.plist.xml; path = Info.plist; sourceTree = "<group>"; };
		18C040981FA6C19000C949C6 /* Swift_DemoUITests.xctest */ = {isa = PBXFileReference; explicitFileType = wrapper.cfbundle; includeInIndex = 0; path = Swift_DemoUITests.xctest; sourceTree = BUILT_PRODUCTS_DIR; };
		18C0409C1FA6C19000C949C6 /* Swift_DemoUITests.swift */ = {isa = PBXFileReference; lastKnownFileType = sourcecode.swift; path = Swift_DemoUITests.swift; sourceTree = "<group>"; };
		18C0409E1FA6C19000C949C6 /* Info.plist */ = {isa = PBXFileReference; lastKnownFileType = text.plist.xml; path = Info.plist; sourceTree = "<group>"; };
		18C040AB1FA6C57900C949C6 /* OneViewController.swift */ = {isa = PBXFileReference; lastKnownFileType = sourcecode.swift; path = OneViewController.swift; sourceTree = "<group>"; };
		18C040AF1FA6CA3D00C949C6 /* HBX_BaseViewController.swift */ = {isa = PBXFileReference; lastKnownFileType = sourcecode.swift; path = HBX_BaseViewController.swift; sourceTree = "<group>"; };
		18E023711FB44D8600455D52 /* HBX_CustomTabbar.swift */ = {isa = PBXFileReference; lastKnownFileType = sourcecode.swift; path = HBX_CustomTabbar.swift; sourceTree = "<group>"; };
		18EAE20D1FB9486900582A8A /* HBX_BasePost.swift */ = {isa = PBXFileReference; lastKnownFileType = sourcecode.swift; path = HBX_BasePost.swift; sourceTree = "<group>"; };
		18EAE2161FBA7C8200582A8A /* Swift_Demo-Bridging-Header.h */ = {isa = PBXFileReference; lastKnownFileType = sourcecode.c.h; path = "Swift_Demo-Bridging-Header.h"; sourceTree = "<group>"; };
		18F19CE81FB940CA0013CF48 /* SVRSAHandler.m */ = {isa = PBXFileReference; fileEncoding = 4; lastKnownFileType = sourcecode.c.objc; path = SVRSAHandler.m; sourceTree = "<group>"; };
		18F19CEA1FB940CA0013CF48 /* NSString+Base64.m */ = {isa = PBXFileReference; fileEncoding = 4; lastKnownFileType = sourcecode.c.objc; path = "NSString+Base64.m"; sourceTree = "<group>"; };
		18F19CEC1FB940CA0013CF48 /* libcrypto.a */ = {isa = PBXFileReference; lastKnownFileType = archive.ar; path = libcrypto.a; sourceTree = "<group>"; };
		18F19CED1FB940CA0013CF48 /* LICENSE */ = {isa = PBXFileReference; fileEncoding = 4; lastKnownFileType = text; path = LICENSE; sourceTree = "<group>"; };
		18F19CEE1FB940CA0013CF48 /* libssl.a */ = {isa = PBXFileReference; lastKnownFileType = archive.ar; path = libssl.a; sourceTree = "<group>"; };
		18F19CF01FB940CA0013CF48 /* pem2.h */ = {isa = PBXFileReference; fileEncoding = 4; lastKnownFileType = sourcecode.c.h; path = pem2.h; sourceTree = "<group>"; };
		18F19CF11FB940CA0013CF48 /* pem.h */ = {isa = PBXFileReference; fileEncoding = 4; lastKnownFileType = sourcecode.c.h; path = pem.h; sourceTree = "<group>"; };
		18F19CF21FB940CA0013CF48 /* ssl3.h */ = {isa = PBXFileReference; fileEncoding = 4; lastKnownFileType = sourcecode.c.h; path = ssl3.h; sourceTree = "<group>"; };
		18F19CF31FB940CA0013CF48 /* ossl_typ.h */ = {isa = PBXFileReference; fileEncoding = 4; lastKnownFileType = sourcecode.c.h; path = ossl_typ.h; sourceTree = "<group>"; };
		18F19CF41FB940CA0013CF48 /* libcrypto.a */ = {isa = PBXFileReference; lastKnownFileType = archive.ar; path = libcrypto.a; sourceTree = "<group>"; };
		18F19CF51FB940CA0013CF48 /* dtls1.h */ = {isa = PBXFileReference; fileEncoding = 4; lastKnownFileType = sourcecode.c.h; path = dtls1.h; sourceTree = "<group>"; };
		18F19CF61FB940CA0013CF48 /* err.h */ = {isa = PBXFileReference; fileEncoding = 4; lastKnownFileType = sourcecode.c.h; path = err.h; sourceTree = "<group>"; };
		18F19CF71FB940CA0013CF48 /* bn.h */ = {isa = PBXFileReference; fileEncoding = 4; lastKnownFileType = sourcecode.c.h; path = bn.h; sourceTree = "<group>"; };
		18F19CF81FB940CA0013CF48 /* blowfish.h */ = {isa = PBXFileReference; fileEncoding = 4; lastKnownFileType = sourcecode.c.h; path = blowfish.h; sourceTree = "<group>"; };
		18F19CF91FB940CA0013CF48 /* cms.h */ = {isa = PBXFileReference; fileEncoding = 4; lastKnownFileType = sourcecode.c.h; path = cms.h; sourceTree = "<group>"; };
		18F19CFA1FB940CA0013CF48 /* engine.h */ = {isa = PBXFileReference; fileEncoding = 4; lastKnownFileType = sourcecode.c.h; path = engine.h; sourceTree = "<group>"; };
		18F19CFB1FB940CA0013CF48 /* conf_api.h */ = {isa = PBXFileReference; fileEncoding = 4; lastKnownFileType = sourcecode.c.h; path = conf_api.h; sourceTree = "<group>"; };
		18F19CFC1FB940CA0013CF48 /* x509.h */ = {isa = PBXFileReference; fileEncoding = 4; lastKnownFileType = sourcecode.c.h; path = x509.h; sourceTree = "<group>"; };
		18F19CFD1FB940CA0013CF48 /* asn1_mac.h */ = {isa = PBXFileReference; fileEncoding = 4; lastKnownFileType = sourcecode.c.h; path = asn1_mac.h; sourceTree = "<group>"; };
		18F19CFE1FB940CA0013CF48 /* ui.h */ = {isa = PBXFileReference; fileEncoding = 4; lastKnownFileType = sourcecode.c.h; path = ui.h; sourceTree = "<group>"; };
		18F19CFF1FB940CA0013CF48 /* kssl.h */ = {isa = PBXFileReference; fileEncoding = 4; lastKnownFileType = sourcecode.c.h; path = kssl.h; sourceTree = "<group>"; };
		18F19D001FB940CA0013CF48 /* sha.h */ = {isa = PBXFileReference; fileEncoding = 4; lastKnownFileType = sourcecode.c.h; path = sha.h; sourceTree = "<group>"; };
		18F19D011FB940CA0013CF48 /* symhacks.h */ = {isa = PBXFileReference; fileEncoding = 4; lastKnownFileType = sourcecode.c.h; path = symhacks.h; sourceTree = "<group>"; };
		18F19D021FB940CA0013CF48 /* asn1.h */ = {isa = PBXFileReference; fileEncoding = 4; lastKnownFileType = sourcecode.c.h; path = asn1.h; sourceTree = "<group>"; };
		18F19D031FB940CA0013CF48 /* opensslconf.h */ = {isa = PBXFileReference; fileEncoding = 4; lastKnownFileType = sourcecode.c.h; path = opensslconf.h; sourceTree = "<group>"; };
		18F19D041FB940CA0013CF48 /* bio.h */ = {isa = PBXFileReference; fileEncoding = 4; lastKnownFileType = sourcecode.c.h; path = bio.h; sourceTree = "<group>"; };
		18F19D051FB940CA0013CF48 /* rc2.h */ = {isa = PBXFileReference; fileEncoding = 4; lastKnownFileType = sourcecode.c.h; path = rc2.h; sourceTree = "<group>"; };
		18F19D061FB940CA0013CF48 /* dh.h */ = {isa = PBXFileReference; fileEncoding = 4; lastKnownFileType = sourcecode.c.h; path = dh.h; sourceTree = "<group>"; };
		18F19D071FB940CA0013CF48 /* ui_compat.h */ = {isa = PBXFileReference; fileEncoding = 4; lastKnownFileType = sourcecode.c.h; path = ui_compat.h; sourceTree = "<group>"; };
		18F19D081FB940CA0013CF48 /* x509v3.h */ = {isa = PBXFileReference; fileEncoding = 4; lastKnownFileType = sourcecode.c.h; path = x509v3.h; sourceTree = "<group>"; };
		18F19D091FB940CA0013CF48 /* ssl23.h */ = {isa = PBXFileReference; fileEncoding = 4; lastKnownFileType = sourcecode.c.h; path = ssl23.h; sourceTree = "<group>"; };
		18F19D0A1FB940CA0013CF48 /* conf.h */ = {isa = PBXFileReference; fileEncoding = 4; lastKnownFileType = sourcecode.c.h; path = conf.h; sourceTree = "<group>"; };
		18F19D0B1FB940CA0013CF48 /* md5.h */ = {isa = PBXFileReference; fileEncoding = 4; lastKnownFileType = sourcecode.c.h; path = md5.h; sourceTree = "<group>"; };
		18F19D0C1FB940CA0013CF48 /* x509_vfy.h */ = {isa = PBXFileReference; fileEncoding = 4; lastKnownFileType = sourcecode.c.h; path = x509_vfy.h; sourceTree = "<group>"; };
		18F19D0D1FB940CA0013CF48 /* txt_db.h */ = {isa = PBXFileReference; fileEncoding = 4; lastKnownFileType = sourcecode.c.h; path = txt_db.h; sourceTree = "<group>"; };
		18F19D0E1FB940CA0013CF48 /* safestack.h */ = {isa = PBXFileReference; fileEncoding = 4; lastKnownFileType = sourcecode.c.h; path = safestack.h; sourceTree = "<group>"; };
		18F19D0F1FB940CA0013CF48 /* ecdsa.h */ = {isa = PBXFileReference; fileEncoding = 4; lastKnownFileType = sourcecode.c.h; path = ecdsa.h; sourceTree = "<group>"; };
		18F19D101FB940CA0013CF48 /* objects.h */ = {isa = PBXFileReference; fileEncoding = 4; lastKnownFileType = sourcecode.c.h; path = objects.h; sourceTree = "<group>"; };
		18F19D111FB940CA0013CF48 /* pkcs12.h */ = {isa = PBXFileReference; fileEncoding = 4; lastKnownFileType = sourcecode.c.h; path = pkcs12.h; sourceTree = "<group>"; };
		18F19D121FB940CA0013CF48 /* crypto.h */ = {isa = PBXFileReference; fileEncoding = 4; lastKnownFileType = sourcecode.c.h; path = crypto.h; sourceTree = "<group>"; };
		18F19D131FB940CA0013CF48 /* opensslv.h */ = {isa = PBXFileReference; fileEncoding = 4; lastKnownFileType = sourcecode.c.h; path = opensslv.h; sourceTree = "<group>"; };
		18F19D141FB940CA0013CF48 /* pkcs7.h */ = {isa = PBXFileReference; fileEncoding = 4; lastKnownFileType = sourcecode.c.h; path = pkcs7.h; sourceTree = "<group>"; };
		18F19D151FB940CA0013CF48 /* obj_mac.h */ = {isa = PBXFileReference; fileEncoding = 4; lastKnownFileType = sourcecode.c.h; path = obj_mac.h; sourceTree = "<group>"; };
		18F19D161FB940CA0013CF48 /* buffer.h */ = {isa = PBXFileReference; fileEncoding = 4; lastKnownFileType = sourcecode.c.h; path = buffer.h; sourceTree = "<group>"; };
		18F19D171FB940CA0013CF48 /* ssl.h */ = {isa = PBXFileReference; fileEncoding = 4; lastKnownFileType = sourcecode.c.h; path = ssl.h; sourceTree = "<group>"; };
		18F19D181FB940CA0013CF48 /* srp.h */ = {isa = PBXFileReference; fileEncoding = 4; lastKnownFileType = sourcecode.c.h; path = srp.h; sourceTree = "<group>"; };
		18F19D191FB940CA0013CF48 /* camellia.h */ = {isa = PBXFileReference; fileEncoding = 4; lastKnownFileType = sourcecode.c.h; path = camellia.h; sourceTree = "<group>"; };
		18F19D1A1FB940CA0013CF48 /* evp.h */ = {isa = PBXFileReference; fileEncoding = 4; lastKnownFileType = sourcecode.c.h; path = evp.h; sourceTree = "<group>"; };
		18F19D1B1FB940CA0013CF48 /* e_os2.h */ = {isa = PBXFileReference; fileEncoding = 4; lastKnownFileType = sourcecode.c.h; path = e_os2.h; sourceTree = "<group>"; };
		18F19D1C1FB940CA0013CF48 /* md4.h */ = {isa = PBXFileReference; fileEncoding = 4; lastKnownFileType = sourcecode.c.h; path = md4.h; sourceTree = "<group>"; };
		18F19D1D1FB940CA0013CF48 /* hmac.h */ = {isa = PBXFileReference; fileEncoding = 4; lastKnownFileType = sourcecode.c.h; path = hmac.h; sourceTree = "<group>"; };
		18F19D1E1FB940CA0013CF48 /* aes.h */ = {isa = PBXFileReference; fileEncoding = 4; lastKnownFileType = sourcecode.c.h; path = aes.h; sourceTree = "<group>"; };
		18F19D1F1FB940CA0013CF48 /* comp.h */ = {isa = PBXFileReference; fileEncoding = 4; lastKnownFileType = sourcecode.c.h; path = comp.h; sourceTree = "<group>"; };
		18F19D201FB940CA0013CF48 /* cast.h */ = {isa = PBXFileReference; fileEncoding = 4; lastKnownFileType = sourcecode.c.h; path = cast.h; sourceTree = "<group>"; };
		18F19D211FB940CA0013CF48 /* rc4.h */ = {isa = PBXFileReference; fileEncoding = 4; lastKnownFileType = sourcecode.c.h; path = rc4.h; sourceTree = "<group>"; };
		18F19D221FB940CA0013CF48 /* stack.h */ = {isa = PBXFileReference; fileEncoding = 4; lastKnownFileType = sourcecode.c.h; path = stack.h; sourceTree = "<group>"; };
		18F19D231FB940CA0013CF48 /* libssl.a */ = {isa = PBXFileReference; lastKnownFileType = archive.ar; path = libssl.a; sourceTree = "<group>"; };
		18F19D241FB940CA0013CF48 /* des.h */ = {isa = PBXFileReference; fileEncoding = 4; lastKnownFileType = sourcecode.c.h; path = des.h; sourceTree = "<group>"; };
		18F19D251FB940CA0013CF48 /* ocsp.h */ = {isa = PBXFileReference; fileEncoding = 4; lastKnownFileType = sourcecode.c.h; path = ocsp.h; sourceTree = "<group>"; };
		18F19D261FB940CA0013CF48 /* ec.h */ = {isa = PBXFileReference; fileEncoding = 4; lastKnownFileType = sourcecode.c.h; path = ec.h; sourceTree = "<group>"; };
		18F19D271FB940CA0013CF48 /* ecdh.h */ = {isa = PBXFileReference; fileEncoding = 4; lastKnownFileType = sourcecode.c.h; path = ecdh.h; sourceTree = "<group>"; };
		18F19D281FB940CA0013CF48 /* rand.h */ = {isa = PBXFileReference; fileEncoding = 4; lastKnownFileType = sourcecode.c.h; path = rand.h; sourceTree = "<group>"; };
		18F19D291FB940CA0013CF48 /* ts.h */ = {isa = PBXFileReference; fileEncoding = 4; lastKnownFileType = sourcecode.c.h; path = ts.h; sourceTree = "<group>"; };
		18F19D2A1FB940CA0013CF48 /* pqueue.h */ = {isa = PBXFileReference; fileEncoding = 4; lastKnownFileType = sourcecode.c.h; path = pqueue.h; sourceTree = "<group>"; };
		18F19D2B1FB940CA0013CF48 /* dso.h */ = {isa = PBXFileReference; fileEncoding = 4; lastKnownFileType = sourcecode.c.h; path = dso.h; sourceTree = "<group>"; };
		18F19D2C1FB940CA0013CF48 /* seed.h */ = {isa = PBXFileReference; fileEncoding = 4; lastKnownFileType = sourcecode.c.h; path = seed.h; sourceTree = "<group>"; };
		18F19D2D1FB940CA0013CF48 /* modes.h */ = {isa = PBXFileReference; fileEncoding = 4; lastKnownFileType = sourcecode.c.h; path = modes.h; sourceTree = "<group>"; };
		18F19D2E1FB940CA0013CF48 /* ssl2.h */ = {isa = PBXFileReference; fileEncoding = 4; lastKnownFileType = sourcecode.c.h; path = ssl2.h; sourceTree = "<group>"; };
		18F19D2F1FB940CA0013CF48 /* rsa.h */ = {isa = PBXFileReference; fileEncoding = 4; lastKnownFileType = sourcecode.c.h; path = rsa.h; sourceTree = "<group>"; };
		18F19D301FB940CA0013CF48 /* krb5_asn.h */ = {isa = PBXFileReference; fileEncoding = 4; lastKnownFileType = sourcecode.c.h; path = krb5_asn.h; sourceTree = "<group>"; };
		18F19D311FB940CA0013CF48 /* des_old.h */ = {isa = PBXFileReference; fileEncoding = 4; lastKnownFileType = sourcecode.c.h; path = des_old.h; sourceTree = "<group>"; };
		18F19D321FB940CA0013CF48 /* ripemd.h */ = {isa = PBXFileReference; fileEncoding = 4; lastKnownFileType = sourcecode.c.h; path = ripemd.h; sourceTree = "<group>"; };
		18F19D331FB940CA0013CF48 /* whrlpool.h */ = {isa = PBXFileReference; fileEncoding = 4; lastKnownFileType = sourcecode.c.h; path = whrlpool.h; sourceTree = "<group>"; };
		18F19D341FB940CA0013CF48 /* tls1.h */ = {isa = PBXFileReference; fileEncoding = 4; lastKnownFileType = sourcecode.c.h; path = tls1.h; sourceTree = "<group>"; };
		18F19D351FB940CA0013CF48 /* mdc2.h */ = {isa = PBXFileReference; fileEncoding = 4; lastKnownFileType = sourcecode.c.h; path = mdc2.h; sourceTree = "<group>"; };
		18F19D361FB940CA0013CF48 /* dsa.h */ = {isa = PBXFileReference; fileEncoding = 4; lastKnownFileType = sourcecode.c.h; path = dsa.h; sourceTree = "<group>"; };
		18F19D371FB940CA0013CF48 /* srtp.h */ = {isa = PBXFileReference; fileEncoding = 4; lastKnownFileType = sourcecode.c.h; path = srtp.h; sourceTree = "<group>"; };
		18F19D381FB940CA0013CF48 /* asn1t.h */ = {isa = PBXFileReference; fileEncoding = 4; lastKnownFileType = sourcecode.c.h; path = asn1t.h; sourceTree = "<group>"; };
		18F19D391FB940CA0013CF48 /* cmac.h */ = {isa = PBXFileReference; fileEncoding = 4; lastKnownFileType = sourcecode.c.h; path = cmac.h; sourceTree = "<group>"; };
		18F19D3A1FB940CA0013CF48 /* ebcdic.h */ = {isa = PBXFileReference; fileEncoding = 4; lastKnownFileType = sourcecode.c.h; path = ebcdic.h; sourceTree = "<group>"; };
		18F19D3B1FB940CA0013CF48 /* idea.h */ = {isa = PBXFileReference; fileEncoding = 4; lastKnownFileType = sourcecode.c.h; path = idea.h; sourceTree = "<group>"; };
		18F19D3C1FB940CA0013CF48 /* lhash.h */ = {isa = PBXFileReference; fileEncoding = 4; lastKnownFileType = sourcecode.c.h; path = lhash.h; sourceTree = "<group>"; };
		18F19D3D1FB940CA0013CF48 /* NSData+Base64.h */ = {isa = PBXFileReference; fileEncoding = 4; lastKnownFileType = sourcecode.c.h; path = "NSData+Base64.h"; sourceTree = "<group>"; };
		18F19D3E1FB940CA0013CF48 /* NSString+Base64.h */ = {isa = PBXFileReference; fileEncoding = 4; lastKnownFileType = sourcecode.c.h; path = "NSString+Base64.h"; sourceTree = "<group>"; };
		18F19D3F1FB940CA0013CF48 /* NSData+Base64.m */ = {isa = PBXFileReference; fileEncoding = 4; lastKnownFileType = sourcecode.c.objc; path = "NSData+Base64.m"; sourceTree = "<group>"; };
		18F19D401FB940CA0013CF48 /* SVRSAHandler.h */ = {isa = PBXFileReference; fileEncoding = 4; lastKnownFileType = sourcecode.c.h; path = SVRSAHandler.h; sourceTree = "<group>"; };
/* End PBXFileReference section */

/* Begin PBXFrameworksBuildPhase section */
		18C040761FA6C19000C949C6 /* Frameworks */ = {
			isa = PBXFrameworksBuildPhase;
			buildActionMask = 2147483647;
			files = (
				18F19D471FB940CA0013CF48 /* libssl.a in Frameworks */,
				18F19D451FB940CA0013CF48 /* libssl.a in Frameworks */,
				18F19D431FB940CA0013CF48 /* libcrypto.a in Frameworks */,
				18F19D461FB940CA0013CF48 /* libcrypto.a in Frameworks */,
			);
			runOnlyForDeploymentPostprocessing = 0;
		};
		18C0408A1FA6C19000C949C6 /* Frameworks */ = {
			isa = PBXFrameworksBuildPhase;
			buildActionMask = 2147483647;
			files = (
			);
			runOnlyForDeploymentPostprocessing = 0;
		};
		18C040951FA6C19000C949C6 /* Frameworks */ = {
			isa = PBXFrameworksBuildPhase;
			buildActionMask = 2147483647;
			files = (
			);
			runOnlyForDeploymentPostprocessing = 0;
		};
/* End PBXFrameworksBuildPhase section */

/* Begin PBXGroup section */
		1888BC651FB2DF2E0091285B /* Two */ = {
			isa = PBXGroup;
			children = (
				1888BC681FB2DF870091285B /* HBX_TwoViewController.swift */,
			);
			path = Two;
			sourceTree = "<group>";
		};
		1888BC661FB2DF390091285B /* Three */ = {
			isa = PBXGroup;
			children = (
				1888BC6A1FB2DF910091285B /* HBX_ThreeViewController.swift */,
			);
			path = Three;
			sourceTree = "<group>";
		};
		1888BC671FB2DF410091285B /* Four */ = {
			isa = PBXGroup;
			children = (
				1888BC6C1FB2DFA00091285B /* HBX_FourViewController.swift */,
			);
			path = Four;
			sourceTree = "<group>";
		};
		18C040701FA6C19000C949C6 = {
			isa = PBXGroup;
			children = (
				18C0407B1FA6C19000C949C6 /* Swift_Demo */,
				18C040901FA6C19000C949C6 /* Swift_DemoTests */,
				18C0409B1FA6C19000C949C6 /* Swift_DemoUITests */,
				18C0407A1FA6C19000C949C6 /* Products */,
			);
			sourceTree = "<group>";
		};
		18C0407A1FA6C19000C949C6 /* Products */ = {
			isa = PBXGroup;
			children = (
				18C040791FA6C19000C949C6 /* Swift_Demo.app */,
				18C0408D1FA6C19000C949C6 /* Swift_DemoTests.xctest */,
				18C040981FA6C19000C949C6 /* Swift_DemoUITests.xctest */,
			);
			name = Products;
			sourceTree = "<group>";
		};
		18C0407B1FA6C19000C949C6 /* Swift_Demo */ = {
			isa = PBXGroup;
			children = (
				18C040AD1FA6CA0C00C949C6 /* Class */,
				18C040AA1FA6C56800C949C6 /* One */,
				1888BC651FB2DF2E0091285B /* Two */,
				1888BC661FB2DF390091285B /* Three */,
				1888BC671FB2DF410091285B /* Four */,
				18C0407C1FA6C19000C949C6 /* AppDelegate.swift */,
				18C0407E1FA6C19000C949C6 /* ViewController.swift */,
				18C040801FA6C19000C949C6 /* Main.storyboard */,
				18C040831FA6C19000C949C6 /* Assets.xcassets */,
				18C040851FA6C19000C949C6 /* LaunchScreen.storyboard */,
				18C040881FA6C19000C949C6 /* Info.plist */,
				18EAE2161FBA7C8200582A8A /* Swift_Demo-Bridging-Header.h */,
			);
			path = Swift_Demo;
			sourceTree = "<group>";
		};
		18C040901FA6C19000C949C6 /* Swift_DemoTests */ = {
			isa = PBXGroup;
			children = (
				18C040911FA6C19000C949C6 /* Swift_DemoTests.swift */,
				18C040931FA6C19000C949C6 /* Info.plist */,
			);
			path = Swift_DemoTests;
			sourceTree = "<group>";
		};
		18C0409B1FA6C19000C949C6 /* Swift_DemoUITests */ = {
			isa = PBXGroup;
			children = (
				18C0409C1FA6C19000C949C6 /* Swift_DemoUITests.swift */,
				18C0409E1FA6C19000C949C6 /* Info.plist */,
			);
			path = Swift_DemoUITests;
			sourceTree = "<group>";
		};
		18C040AA1FA6C56800C949C6 /* One */ = {
			isa = PBXGroup;
			children = (
				18C040AB1FA6C57900C949C6 /* OneViewController.swift */,
			);
			path = One;
			sourceTree = "<group>";
		};
		18C040AD1FA6CA0C00C949C6 /* Class */ = {
			isa = PBXGroup;
			children = (
				18EAE20B1FB9480F00582A8A /* NetWork */,
				18F19CE61FB940AD0013CF48 /* Lib */,
				18C040AE1FA6CA1400C949C6 /* Main */,
			);
			path = Class;
			sourceTree = "<group>";
		};
		18C040AE1FA6CA1400C949C6 /* Main */ = {
			isa = PBXGroup;
			children = (
				18E023701FB44D4600455D52 /* customTabbar */,
				18C040AF1FA6CA3D00C949C6 /* HBX_BaseViewController.swift */,
				1888BC621FB2D7200091285B /* HBX_NavViewController.swift */,
			);
			path = Main;
			sourceTree = "<group>";
		};
		18E023701FB44D4600455D52 /* customTabbar */ = {
			isa = PBXGroup;
			children = (
				18E023711FB44D8600455D52 /* HBX_CustomTabbar.swift */,
			);
			path = customTabbar;
			sourceTree = "<group>";
		};
		18EAE20B1FB9480F00582A8A /* NetWork */ = {
			isa = PBXGroup;
			children = (
				18EAE20C1FB9481A00582A8A /* BasePost */,
			);
			path = NetWork;
			sourceTree = "<group>";
		};
		18EAE20C1FB9481A00582A8A /* BasePost */ = {
			isa = PBXGroup;
			children = (
				18EAE20D1FB9486900582A8A /* HBX_BasePost.swift */,
			);
			path = BasePost;
			sourceTree = "<group>";
		};
		18F19CE61FB940AD0013CF48 /* Lib */ = {
			isa = PBXGroup;
			children = (
				18F19CE71FB940CA0013CF48 /* SVRSAHandler */,
			);
			path = Lib;
			sourceTree = "<group>";
		};
		18F19CE71FB940CA0013CF48 /* SVRSAHandler */ = {
			isa = PBXGroup;
			children = (
				18F19D401FB940CA0013CF48 /* SVRSAHandler.h */,
				18F19CE81FB940CA0013CF48 /* SVRSAHandler.m */,
				18F19CE91FB940CA0013CF48 /* openssl */,
			);
			path = SVRSAHandler;
			sourceTree = "<group>";
		};
		18F19CE91FB940CA0013CF48 /* openssl */ = {
			isa = PBXGroup;
			children = (
				18F19CEB1FB940CA0013CF48 /* include */,
				18F19D3D1FB940CA0013CF48 /* NSData+Base64.h */,
				18F19D3F1FB940CA0013CF48 /* NSData+Base64.m */,
				18F19CEA1FB940CA0013CF48 /* NSString+Base64.m */,
				18F19D3E1FB940CA0013CF48 /* NSString+Base64.h */,
			);
			path = openssl;
			sourceTree = "<group>";
		};
		18F19CEB1FB940CA0013CF48 /* include */ = {
			isa = PBXGroup;
			children = (
				18F19CEC1FB940CA0013CF48 /* libcrypto.a */,
				18F19CED1FB940CA0013CF48 /* LICENSE */,
				18F19CEE1FB940CA0013CF48 /* libssl.a */,
				18F19CEF1FB940CA0013CF48 /* openssl */,
			);
			path = include;
			sourceTree = "<group>";
		};
		18F19CEF1FB940CA0013CF48 /* openssl */ = {
			isa = PBXGroup;
			children = (
				18F19CF01FB940CA0013CF48 /* pem2.h */,
				18F19CF11FB940CA0013CF48 /* pem.h */,
				18F19CF21FB940CA0013CF48 /* ssl3.h */,
				18F19CF31FB940CA0013CF48 /* ossl_typ.h */,
				18F19CF41FB940CA0013CF48 /* libcrypto.a */,
				18F19CF51FB940CA0013CF48 /* dtls1.h */,
				18F19CF61FB940CA0013CF48 /* err.h */,
				18F19CF71FB940CA0013CF48 /* bn.h */,
				18F19CF81FB940CA0013CF48 /* blowfish.h */,
				18F19CF91FB940CA0013CF48 /* cms.h */,
				18F19CFA1FB940CA0013CF48 /* engine.h */,
				18F19CFB1FB940CA0013CF48 /* conf_api.h */,
				18F19CFC1FB940CA0013CF48 /* x509.h */,
				18F19CFD1FB940CA0013CF48 /* asn1_mac.h */,
				18F19CFE1FB940CA0013CF48 /* ui.h */,
				18F19CFF1FB940CA0013CF48 /* kssl.h */,
				18F19D001FB940CA0013CF48 /* sha.h */,
				18F19D011FB940CA0013CF48 /* symhacks.h */,
				18F19D021FB940CA0013CF48 /* asn1.h */,
				18F19D031FB940CA0013CF48 /* opensslconf.h */,
				18F19D041FB940CA0013CF48 /* bio.h */,
				18F19D051FB940CA0013CF48 /* rc2.h */,
				18F19D061FB940CA0013CF48 /* dh.h */,
				18F19D071FB940CA0013CF48 /* ui_compat.h */,
				18F19D081FB940CA0013CF48 /* x509v3.h */,
				18F19D091FB940CA0013CF48 /* ssl23.h */,
				18F19D0A1FB940CA0013CF48 /* conf.h */,
				18F19D0B1FB940CA0013CF48 /* md5.h */,
				18F19D0C1FB940CA0013CF48 /* x509_vfy.h */,
				18F19D0D1FB940CA0013CF48 /* txt_db.h */,
				18F19D0E1FB940CA0013CF48 /* safestack.h */,
				18F19D0F1FB940CA0013CF48 /* ecdsa.h */,
				18F19D101FB940CA0013CF48 /* objects.h */,
				18F19D111FB940CA0013CF48 /* pkcs12.h */,
				18F19D121FB940CA0013CF48 /* crypto.h */,
				18F19D131FB940CA0013CF48 /* opensslv.h */,
				18F19D141FB940CA0013CF48 /* pkcs7.h */,
				18F19D151FB940CA0013CF48 /* obj_mac.h */,
				18F19D161FB940CA0013CF48 /* buffer.h */,
				18F19D171FB940CA0013CF48 /* ssl.h */,
				18F19D181FB940CA0013CF48 /* srp.h */,
				18F19D191FB940CA0013CF48 /* camellia.h */,
				18F19D1A1FB940CA0013CF48 /* evp.h */,
				18F19D1B1FB940CA0013CF48 /* e_os2.h */,
				18F19D1C1FB940CA0013CF48 /* md4.h */,
				18F19D1D1FB940CA0013CF48 /* hmac.h */,
				18F19D1E1FB940CA0013CF48 /* aes.h */,
				18F19D1F1FB940CA0013CF48 /* comp.h */,
				18F19D201FB940CA0013CF48 /* cast.h */,
				18F19D211FB940CA0013CF48 /* rc4.h */,
				18F19D221FB940CA0013CF48 /* stack.h */,
				18F19D231FB940CA0013CF48 /* libssl.a */,
				18F19D241FB940CA0013CF48 /* des.h */,
				18F19D251FB940CA0013CF48 /* ocsp.h */,
				18F19D261FB940CA0013CF48 /* ec.h */,
				18F19D271FB940CA0013CF48 /* ecdh.h */,
				18F19D281FB940CA0013CF48 /* rand.h */,
				18F19D291FB940CA0013CF48 /* ts.h */,
				18F19D2A1FB940CA0013CF48 /* pqueue.h */,
				18F19D2B1FB940CA0013CF48 /* dso.h */,
				18F19D2C1FB940CA0013CF48 /* seed.h */,
				18F19D2D1FB940CA0013CF48 /* modes.h */,
				18F19D2E1FB940CA0013CF48 /* ssl2.h */,
				18F19D2F1FB940CA0013CF48 /* rsa.h */,
				18F19D301FB940CA0013CF48 /* krb5_asn.h */,
				18F19D311FB940CA0013CF48 /* des_old.h */,
				18F19D321FB940CA0013CF48 /* ripemd.h */,
				18F19D331FB940CA0013CF48 /* whrlpool.h */,
				18F19D341FB940CA0013CF48 /* tls1.h */,
				18F19D351FB940CA0013CF48 /* mdc2.h */,
				18F19D361FB940CA0013CF48 /* dsa.h */,
				18F19D371FB940CA0013CF48 /* srtp.h */,
				18F19D381FB940CA0013CF48 /* asn1t.h */,
				18F19D391FB940CA0013CF48 /* cmac.h */,
				18F19D3A1FB940CA0013CF48 /* ebcdic.h */,
				18F19D3B1FB940CA0013CF48 /* idea.h */,
				18F19D3C1FB940CA0013CF48 /* lhash.h */,
			);
			path = openssl;
			sourceTree = "<group>";
		};
/* End PBXGroup section */

/* Begin PBXNativeTarget section */
		18C040781FA6C19000C949C6 /* Swift_Demo */ = {
			isa = PBXNativeTarget;
			buildConfigurationList = 18C040A11FA6C19000C949C6 /* Build configuration list for PBXNativeTarget "Swift_Demo" */;
			buildPhases = (
				18C040751FA6C19000C949C6 /* Sources */,
				18C040761FA6C19000C949C6 /* Frameworks */,
				18C040771FA6C19000C949C6 /* Resources */,
			);
			buildRules = (
			);
			dependencies = (
			);
			name = Swift_Demo;
			productName = Swift_Demo;
			productReference = 18C040791FA6C19000C949C6 /* Swift_Demo.app */;
			productType = "com.apple.product-type.application";
		};
		18C0408C1FA6C19000C949C6 /* Swift_DemoTests */ = {
			isa = PBXNativeTarget;
			buildConfigurationList = 18C040A41FA6C19000C949C6 /* Build configuration list for PBXNativeTarget "Swift_DemoTests" */;
			buildPhases = (
				18C040891FA6C19000C949C6 /* Sources */,
				18C0408A1FA6C19000C949C6 /* Frameworks */,
				18C0408B1FA6C19000C949C6 /* Resources */,
			);
			buildRules = (
			);
			dependencies = (
				18C0408F1FA6C19000C949C6 /* PBXTargetDependency */,
			);
			name = Swift_DemoTests;
			productName = Swift_DemoTests;
			productReference = 18C0408D1FA6C19000C949C6 /* Swift_DemoTests.xctest */;
			productType = "com.apple.product-type.bundle.unit-test";
		};
		18C040971FA6C19000C949C6 /* Swift_DemoUITests */ = {
			isa = PBXNativeTarget;
			buildConfigurationList = 18C040A71FA6C19000C949C6 /* Build configuration list for PBXNativeTarget "Swift_DemoUITests" */;
			buildPhases = (
				18C040941FA6C19000C949C6 /* Sources */,
				18C040951FA6C19000C949C6 /* Frameworks */,
				18C040961FA6C19000C949C6 /* Resources */,
			);
			buildRules = (
			);
			dependencies = (
				18C0409A1FA6C19000C949C6 /* PBXTargetDependency */,
			);
			name = Swift_DemoUITests;
			productName = Swift_DemoUITests;
			productReference = 18C040981FA6C19000C949C6 /* Swift_DemoUITests.xctest */;
			productType = "com.apple.product-type.bundle.ui-testing";
		};
/* End PBXNativeTarget section */

/* Begin PBXProject section */
		18C040711FA6C19000C949C6 /* Project object */ = {
			isa = PBXProject;
			attributes = {
				CLASSPREFIX = HBX_;
				LastSwiftUpdateCheck = 0900;
				LastUpgradeCheck = 0900;
				ORGANIZATIONNAME = apple;
				TargetAttributes = {
					18C040781FA6C19000C949C6 = {
						CreatedOnToolsVersion = 9.0;
						ProvisioningStyle = Automatic;
					};
					18C0408C1FA6C19000C949C6 = {
						CreatedOnToolsVersion = 9.0;
						ProvisioningStyle = Automatic;
						TestTargetID = 18C040781FA6C19000C949C6;
					};
					18C040971FA6C19000C949C6 = {
						CreatedOnToolsVersion = 9.0;
						ProvisioningStyle = Automatic;
						TestTargetID = 18C040781FA6C19000C949C6;
					};
				};
			};
			buildConfigurationList = 18C040741FA6C19000C949C6 /* Build configuration list for PBXProject "Swift_Demo" */;
			compatibilityVersion = "Xcode 8.0";
			developmentRegion = en;
			hasScannedForEncodings = 0;
			knownRegions = (
				en,
				Base,
			);
			mainGroup = 18C040701FA6C19000C949C6;
			productRefGroup = 18C0407A1FA6C19000C949C6 /* Products */;
			projectDirPath = "";
			projectRoot = "";
			targets = (
				18C040781FA6C19000C949C6 /* Swift_Demo */,
				18C0408C1FA6C19000C949C6 /* Swift_DemoTests */,
				18C040971FA6C19000C949C6 /* Swift_DemoUITests */,
			);
		};
/* End PBXProject section */

/* Begin PBXResourcesBuildPhase section */
		18C040771FA6C19000C949C6 /* Resources */ = {
			isa = PBXResourcesBuildPhase;
			buildActionMask = 2147483647;
			files = (
				18C040871FA6C19000C949C6 /* LaunchScreen.storyboard in Resources */,
				18C040841FA6C19000C949C6 /* Assets.xcassets in Resources */,
				18F19D441FB940CA0013CF48 /* LICENSE in Resources */,
				18C040821FA6C19000C949C6 /* Main.storyboard in Resources */,
			);
			runOnlyForDeploymentPostprocessing = 0;
		};
		18C0408B1FA6C19000C949C6 /* Resources */ = {
			isa = PBXResourcesBuildPhase;
			buildActionMask = 2147483647;
			files = (
			);
			runOnlyForDeploymentPostprocessing = 0;
		};
		18C040961FA6C19000C949C6 /* Resources */ = {
			isa = PBXResourcesBuildPhase;
			buildActionMask = 2147483647;
			files = (
			);
			runOnlyForDeploymentPostprocessing = 0;
		};
/* End PBXResourcesBuildPhase section */

/* Begin PBXSourcesBuildPhase section */
		18C040751FA6C19000C949C6 /* Sources */ = {
			isa = PBXSourcesBuildPhase;
			buildActionMask = 2147483647;
			files = (
				1888BC631FB2D7200091285B /* HBX_NavViewController.swift in Sources */,
				18C040AC1FA6C57900C949C6 /* OneViewController.swift in Sources */,
				18F19D411FB940CA0013CF48 /* SVRSAHandler.m in Sources */,
				1888BC691FB2DF870091285B /* HBX_TwoViewController.swift in Sources */,
				1888BC6D1FB2DFA00091285B /* HBX_FourViewController.swift in Sources */,
				18F19D481FB940CA0013CF48 /* NSData+Base64.m in Sources */,
				18EAE20E1FB9486900582A8A /* HBX_BasePost.swift in Sources */,
				1888BC6B1FB2DF910091285B /* HBX_ThreeViewController.swift in Sources */,
				18F19D421FB940CA0013CF48 /* NSString+Base64.m in Sources */,
				18C0407F1FA6C19000C949C6 /* ViewController.swift in Sources */,
				18C040B01FA6CA3D00C949C6 /* HBX_BaseViewController.swift in Sources */,
				18E023721FB44D8600455D52 /* HBX_CustomTabbar.swift in Sources */,
				18C0407D1FA6C19000C949C6 /* AppDelegate.swift in Sources */,
			);
			runOnlyForDeploymentPostprocessing = 0;
		};
		18C040891FA6C19000C949C6 /* Sources */ = {
			isa = PBXSourcesBuildPhase;
			buildActionMask = 2147483647;
			files = (
				18C040921FA6C19000C949C6 /* Swift_DemoTests.swift in Sources */,
			);
			runOnlyForDeploymentPostprocessing = 0;
		};
		18C040941FA6C19000C949C6 /* Sources */ = {
			isa = PBXSourcesBuildPhase;
			buildActionMask = 2147483647;
			files = (
				18C0409D1FA6C19000C949C6 /* Swift_DemoUITests.swift in Sources */,
			);
			runOnlyForDeploymentPostprocessing = 0;
		};
/* End PBXSourcesBuildPhase section */

/* Begin PBXTargetDependency section */
		18C0408F1FA6C19000C949C6 /* PBXTargetDependency */ = {
			isa = PBXTargetDependency;
			target = 18C040781FA6C19000C949C6 /* Swift_Demo */;
			targetProxy = 18C0408E1FA6C19000C949C6 /* PBXContainerItemProxy */;
		};
		18C0409A1FA6C19000C949C6 /* PBXTargetDependency */ = {
			isa = PBXTargetDependency;
			target = 18C040781FA6C19000C949C6 /* Swift_Demo */;
			targetProxy = 18C040991FA6C19000C949C6 /* PBXContainerItemProxy */;
		};
/* End PBXTargetDependency section */

/* Begin PBXVariantGroup section */
		18C040801FA6C19000C949C6 /* Main.storyboard */ = {
			isa = PBXVariantGroup;
			children = (
				18C040811FA6C19000C949C6 /* Base */,
			);
			name = Main.storyboard;
			sourceTree = "<group>";
		};
		18C040851FA6C19000C949C6 /* LaunchScreen.storyboard */ = {
			isa = PBXVariantGroup;
			children = (
				18C040861FA6C19000C949C6 /* Base */,
			);
			name = LaunchScreen.storyboard;
			sourceTree = "<group>";
		};
/* End PBXVariantGroup section */

/* Begin XCBuildConfiguration section */
		18C0409F1FA6C19000C949C6 /* Debug */ = {
			isa = XCBuildConfiguration;
			buildSettings = {
				ALWAYS_SEARCH_USER_PATHS = NO;
				CLANG_ANALYZER_NONNULL = YES;
				CLANG_ANALYZER_NUMBER_OBJECT_CONVERSION = YES_AGGRESSIVE;
				CLANG_CXX_LANGUAGE_STANDARD = "gnu++14";
				CLANG_CXX_LIBRARY = "libc++";
				CLANG_ENABLE_MODULES = YES;
				CLANG_ENABLE_OBJC_ARC = YES;
				CLANG_WARN_BLOCK_CAPTURE_AUTORELEASING = YES;
				CLANG_WARN_BOOL_CONVERSION = YES;
				CLANG_WARN_COMMA = YES;
				CLANG_WARN_CONSTANT_CONVERSION = YES;
				CLANG_WARN_DIRECT_OBJC_ISA_USAGE = YES_ERROR;
				CLANG_WARN_DOCUMENTATION_COMMENTS = YES;
				CLANG_WARN_EMPTY_BODY = YES;
				CLANG_WARN_ENUM_CONVERSION = YES;
				CLANG_WARN_INFINITE_RECURSION = YES;
				CLANG_WARN_INT_CONVERSION = YES;
				CLANG_WARN_NON_LITERAL_NULL_CONVERSION = YES;
				CLANG_WARN_OBJC_LITERAL_CONVERSION = YES;
				CLANG_WARN_OBJC_ROOT_CLASS = YES_ERROR;
				CLANG_WARN_RANGE_LOOP_ANALYSIS = YES;
				CLANG_WARN_STRICT_PROTOTYPES = YES;
				CLANG_WARN_SUSPICIOUS_MOVE = YES;
				CLANG_WARN_UNGUARDED_AVAILABILITY = YES_AGGRESSIVE;
				CLANG_WARN_UNREACHABLE_CODE = YES;
				CLANG_WARN__DUPLICATE_METHOD_MATCH = YES;
				CODE_SIGN_IDENTITY = "iPhone Developer";
				COPY_PHASE_STRIP = NO;
				DEBUG_INFORMATION_FORMAT = dwarf;
				ENABLE_STRICT_OBJC_MSGSEND = YES;
				ENABLE_TESTABILITY = YES;
				GCC_C_LANGUAGE_STANDARD = gnu11;
				GCC_DYNAMIC_NO_PIC = NO;
				GCC_NO_COMMON_BLOCKS = YES;
				GCC_OPTIMIZATION_LEVEL = 0;
				GCC_PREPROCESSOR_DEFINITIONS = (
					"DEBUG=1",
					"$(inherited)",
				);
				GCC_WARN_64_TO_32_BIT_CONVERSION = YES;
				GCC_WARN_ABOUT_RETURN_TYPE = YES_ERROR;
				GCC_WARN_UNDECLARED_SELECTOR = YES;
				GCC_WARN_UNINITIALIZED_AUTOS = YES_AGGRESSIVE;
				GCC_WARN_UNUSED_FUNCTION = YES;
				GCC_WARN_UNUSED_VARIABLE = YES;
				IPHONEOS_DEPLOYMENT_TARGET = 11.0;
				MTL_ENABLE_DEBUG_INFO = YES;
				ONLY_ACTIVE_ARCH = YES;
				SDKROOT = iphoneos;
				SWIFT_ACTIVE_COMPILATION_CONDITIONS = DEBUG;
				SWIFT_OPTIMIZATION_LEVEL = "-Onone";
			};
			name = Debug;
		};
		18C040A01FA6C19000C949C6 /* Release */ = {
			isa = XCBuildConfiguration;
			buildSettings = {
				ALWAYS_SEARCH_USER_PATHS = NO;
				CLANG_ANALYZER_NONNULL = YES;
				CLANG_ANALYZER_NUMBER_OBJECT_CONVERSION = YES_AGGRESSIVE;
				CLANG_CXX_LANGUAGE_STANDARD = "gnu++14";
				CLANG_CXX_LIBRARY = "libc++";
				CLANG_ENABLE_MODULES = YES;
				CLANG_ENABLE_OBJC_ARC = YES;
				CLANG_WARN_BLOCK_CAPTURE_AUTORELEASING = YES;
				CLANG_WARN_BOOL_CONVERSION = YES;
				CLANG_WARN_COMMA = YES;
				CLANG_WARN_CONSTANT_CONVERSION = YES;
				CLANG_WARN_DIRECT_OBJC_ISA_USAGE = YES_ERROR;
				CLANG_WARN_DOCUMENTATION_COMMENTS = YES;
				CLANG_WARN_EMPTY_BODY = YES;
				CLANG_WARN_ENUM_CONVERSION = YES;
				CLANG_WARN_INFINITE_RECURSION = YES;
				CLANG_WARN_INT_CONVERSION = YES;
				CLANG_WARN_NON_LITERAL_NULL_CONVERSION = YES;
				CLANG_WARN_OBJC_LITERAL_CONVERSION = YES;
				CLANG_WARN_OBJC_ROOT_CLASS = YES_ERROR;
				CLANG_WARN_RANGE_LOOP_ANALYSIS = YES;
				CLANG_WARN_STRICT_PROTOTYPES = YES;
				CLANG_WARN_SUSPICIOUS_MOVE = YES;
				CLANG_WARN_UNGUARDED_AVAILABILITY = YES_AGGRESSIVE;
				CLANG_WARN_UNREACHABLE_CODE = YES;
				CLANG_WARN__DUPLICATE_METHOD_MATCH = YES;
				CODE_SIGN_IDENTITY = "iPhone Developer";
				COPY_PHASE_STRIP = NO;
				DEBUG_INFORMATION_FORMAT = "dwarf-with-dsym";
				ENABLE_NS_ASSERTIONS = NO;
				ENABLE_STRICT_OBJC_MSGSEND = YES;
				GCC_C_LANGUAGE_STANDARD = gnu11;
				GCC_NO_COMMON_BLOCKS = YES;
				GCC_WARN_64_TO_32_BIT_CONVERSION = YES;
				GCC_WARN_ABOUT_RETURN_TYPE = YES_ERROR;
				GCC_WARN_UNDECLARED_SELECTOR = YES;
				GCC_WARN_UNINITIALIZED_AUTOS = YES_AGGRESSIVE;
				GCC_WARN_UNUSED_FUNCTION = YES;
				GCC_WARN_UNUSED_VARIABLE = YES;
				IPHONEOS_DEPLOYMENT_TARGET = 11.0;
				MTL_ENABLE_DEBUG_INFO = NO;
				SDKROOT = iphoneos;
				SWIFT_OPTIMIZATION_LEVEL = "-Owholemodule";
				VALIDATE_PRODUCT = YES;
			};
			name = Release;
		};
		18C040A21FA6C19000C949C6 /* Debug */ = {
			isa = XCBuildConfiguration;
			buildSettings = {
				ASSETCATALOG_COMPILER_APPICON_NAME = AppIcon;
				CODE_SIGN_STYLE = Automatic;
				DEFINES_MODULE = YES;
				DEVELOPMENT_TEAM = 684DY2PAWL;
				HEADER_SEARCH_PATHS = "\"$(SRCROOT)/Swift_Demo/Class/Lib/SVRSAHandler/openssl/include\"";
				INFOPLIST_FILE = Swift_Demo/Info.plist;
				LD_RUNPATH_SEARCH_PATHS = "$(inherited) @executable_path/Frameworks";
				LIBRARY_SEARCH_PATHS = (
					"$(inherited)",
					"$(PROJECT_DIR)/Swift_Demo/Class/Lib/SVRSAHandler/openssl/include",
					"$(PROJECT_DIR)/Swift_Demo/Class/Lib/SVRSAHandler/openssl/include/openssl",
				);
				PRODUCT_BUNDLE_IDENTIFIER = "com.dongfangyingu.cn.Swift-Demo";
				PRODUCT_MODULE_NAME = Swift_Demo;
				PRODUCT_NAME = Swift_Demo;
				SWIFT_OBJC_BRIDGING_HEADER = "/Users/apple/Desktop/gitHub_Demo/Swift_Classic_Architecture/Swift_Demo/Swift_Demo/Swift_Demo-Bridging-Header.h";
				SWIFT_OBJC_INTERFACE_HEADER_NAME = "Swift_Demo-Swift.h";
				SWIFT_VERSION = 4.0;
				TARGETED_DEVICE_FAMILY = "1,2";
			};
			name = Debug;
		};
		18C040A31FA6C19000C949C6 /* Release */ = {
			isa = XCBuildConfiguration;
			buildSettings = {
				ASSETCATALOG_COMPILER_APPICON_NAME = AppIcon;
				CODE_SIGN_STYLE = Automatic;
				DEFINES_MODULE = YES;
				DEVELOPMENT_TEAM = 684DY2PAWL;
				HEADER_SEARCH_PATHS = "\"$(SRCROOT)/Swift_Demo/Class/Lib/SVRSAHandler/openssl/include\"";
				INFOPLIST_FILE = Swift_Demo/Info.plist;
				LD_RUNPATH_SEARCH_PATHS = "$(inherited) @executable_path/Frameworks";
				LIBRARY_SEARCH_PATHS = (
					"$(inherited)",
					"$(PROJECT_DIR)/Swift_Demo/Class/Lib/SVRSAHandler/openssl/include",
					"$(PROJECT_DIR)/Swift_Demo/Class/Lib/SVRSAHandler/openssl/include/openssl",
				);
				PRODUCT_BUNDLE_IDENTIFIER = "com.dongfangyingu.cn.Swift-Demo";
				PRODUCT_MODULE_NAME = Swift_Demo;
				PRODUCT_NAME = Swift_Demo;
				SWIFT_OBJC_BRIDGING_HEADER = "/Users/apple/Desktop/gitHub_Demo/Swift_Classic_Architecture/Swift_Demo/Swift_Demo/Swift_Demo-Bridging-Header.h";
				SWIFT_OBJC_INTERFACE_HEADER_NAME = "Swift_Demo-Swift.h";
				SWIFT_VERSION = 4.0;
				TARGETED_DEVICE_FAMILY = "1,2";
			};
			name = Release;
		};
		18C040A51FA6C19000C949C6 /* Debug */ = {
			isa = XCBuildConfiguration;
			buildSettings = {
				ALWAYS_EMBED_SWIFT_STANDARD_LIBRARIES = YES;
				BUNDLE_LOADER = "$(TEST_HOST)";
				CODE_SIGN_STYLE = Automatic;
				DEVELOPMENT_TEAM = 684DY2PAWL;
				INFOPLIST_FILE = Swift_DemoTests/Info.plist;
				LD_RUNPATH_SEARCH_PATHS = "$(inherited) @executable_path/Frameworks @loader_path/Frameworks";
				PRODUCT_BUNDLE_IDENTIFIER = "com.dongfangyingu.cn.Swift-DemoTests";
				PRODUCT_NAME = "$(TARGET_NAME)";
				SWIFT_VERSION = 4.0;
				TARGETED_DEVICE_FAMILY = "1,2";
				TEST_HOST = "$(BUILT_PRODUCTS_DIR)/Swift_Demo.app/Swift_Demo";
			};
			name = Debug;
		};
		18C040A61FA6C19000C949C6 /* Release */ = {
			isa = XCBuildConfiguration;
			buildSettings = {
				ALWAYS_EMBED_SWIFT_STANDARD_LIBRARIES = YES;
				BUNDLE_LOADER = "$(TEST_HOST)";
				CODE_SIGN_STYLE = Automatic;
				DEVELOPMENT_TEAM = 684DY2PAWL;
				INFOPLIST_FILE = Swift_DemoTests/Info.plist;
				LD_RUNPATH_SEARCH_PATHS = "$(inherited) @executable_path/Frameworks @loader_path/Frameworks";
				PRODUCT_BUNDLE_IDENTIFIER = "com.dongfangyingu.cn.Swift-DemoTests";
				PRODUCT_NAME = "$(TARGET_NAME)";
				SWIFT_VERSION = 4.0;
				TARGETED_DEVICE_FAMILY = "1,2";
				TEST_HOST = "$(BUILT_PRODUCTS_DIR)/Swift_Demo.app/Swift_Demo";
			};
			name = Release;
		};
		18C040A81FA6C19000C949C6 /* Debug */ = {
			isa = XCBuildConfiguration;
			buildSettings = {
				ALWAYS_EMBED_SWIFT_STANDARD_LIBRARIES = YES;
				CODE_SIGN_STYLE = Automatic;
				DEVELOPMENT_TEAM = 684DY2PAWL;
				INFOPLIST_FILE = Swift_DemoUITests/Info.plist;
				LD_RUNPATH_SEARCH_PATHS = "$(inherited) @executable_path/Frameworks @loader_path/Frameworks";
				PRODUCT_BUNDLE_IDENTIFIER = "com.dongfangyingu.cn.Swift-DemoUITests";
				PRODUCT_NAME = "$(TARGET_NAME)";
				SWIFT_VERSION = 4.0;
				TARGETED_DEVICE_FAMILY = "1,2";
				TEST_TARGET_NAME = Swift_Demo;
			};
			name = Debug;
		};
		18C040A91FA6C19000C949C6 /* Release */ = {
			isa = XCBuildConfiguration;
			buildSettings = {
				ALWAYS_EMBED_SWIFT_STANDARD_LIBRARIES = YES;
				CODE_SIGN_STYLE = Automatic;
				DEVELOPMENT_TEAM = 684DY2PAWL;
				INFOPLIST_FILE = Swift_DemoUITests/Info.plist;
				LD_RUNPATH_SEARCH_PATHS = "$(inherited) @executable_path/Frameworks @loader_path/Frameworks";
				PRODUCT_BUNDLE_IDENTIFIER = "com.dongfangyingu.cn.Swift-DemoUITests";
				PRODUCT_NAME = "$(TARGET_NAME)";
				SWIFT_VERSION = 4.0;
				TARGETED_DEVICE_FAMILY = "1,2";
				TEST_TARGET_NAME = Swift_Demo;
			};
			name = Release;
		};
/* End XCBuildConfiguration section */

/* Begin XCConfigurationList section */
		18C040741FA6C19000C949C6 /* Build configuration list for PBXProject "Swift_Demo" */ = {
			isa = XCConfigurationList;
			buildConfigurations = (
				18C0409F1FA6C19000C949C6 /* Debug */,
				18C040A01FA6C19000C949C6 /* Release */,
			);
			defaultConfigurationIsVisible = 0;
			defaultConfigurationName = Release;
		};
		18C040A11FA6C19000C949C6 /* Build configuration list for PBXNativeTarget "Swift_Demo" */ = {
			isa = XCConfigurationList;
			buildConfigurations = (
				18C040A21FA6C19000C949C6 /* Debug */,
				18C040A31FA6C19000C949C6 /* Release */,
			);
			defaultConfigurationIsVisible = 0;
			defaultConfigurationName = Release;
		};
		18C040A41FA6C19000C949C6 /* Build configuration list for PBXNativeTarget "Swift_DemoTests" */ = {
			isa = XCConfigurationList;
			buildConfigurations = (
				18C040A51FA6C19000C949C6 /* Debug */,
				18C040A61FA6C19000C949C6 /* Release */,
			);
			defaultConfigurationIsVisible = 0;
			defaultConfigurationName = Release;
		};
		18C040A71FA6C19000C949C6 /* Build configuration list for PBXNativeTarget "Swift_DemoUITests" */ = {
			isa = XCConfigurationList;
			buildConfigurations = (
				18C040A81FA6C19000C949C6 /* Debug */,
				18C040A91FA6C19000C949C6 /* Release */,
			);
			defaultConfigurationIsVisible = 0;
			defaultConfigurationName = Release;
		};
/* End XCConfigurationList section */
	};
	rootObject = 18C040711FA6C19000C949C6 /* Project object */;
}
